
Microsoft Visual Studio Solution File, Format Version 12.00
# Visual Studio Version 17
VisualStudioVersion = 17.11.35312.102
MinimumVisualStudioVersion = 10.0.40219.1
Project("{2150E333-8FDC-42A3-9474-1A3956D46DE8}") = "Task0", "Task0", "{D1D5B7A3-9CF2-4631-A095-791294F1A1EE}"
EndProject
Project("{9A19103F-16F7-4668-BE54-9A1E7A4F7556}") = "Tyuiu.KolesnikovMN.Sprint3.Task0.V21", "Tyuiu.KolesnikovMN.Sprint3.Task0.V21\Tyuiu.KolesnikovMN.Sprint3.Task0.V21.csproj", "{25D596E3-D080-4BE3-9856-553B4AA4278F}"
EndProject
Project("{9A19103F-16F7-4668-BE54-9A1E7A4F7556}") = "Tyuiu.KolesnikovMN.Sprint3.Task0.V21.Lib", "Tyuiu.KolesnikovMN.Sprint3.Task0.V21.Lib\Tyuiu.KolesnikovMN.Sprint3.Task0.V21.Lib.csproj", "{72D03CE8-887D-47CC-9E3F-5EE9AB5CA2F6}"
EndProject
Project("{9A19103F-16F7-4668-BE54-9A1E7A4F7556}") = "Tyuiu.KolesnikovMN.Sprint3.Task0.V21.Test", "Tyuiu.KolesnikovMN.Sprint3.Task0.V21.Test\Tyuiu.KolesnikovMN.Sprint3.Task0.V21.Test.csproj", "{83B714FC-5114-402B-A129-703EF88AD361}"
EndProject
Project("{2150E333-8FDC-42A3-9474-1A3956D46DE8}") = "Task1", "Task1", "{69D82B33-36A5-400E-A33A-706BF10D3098}"
EndProject
Project("{9A19103F-16F7-4668-BE54-9A1E7A4F7556}") = "Tyuiu.KolesnikovMN.Sprint3.Task1.V27", "Tyuiu.KolesnikovMN.Sprint3.Task1.V27\Tyuiu.KolesnikovMN.Sprint3.Task1.V27.csproj", "{8425B5A6-3FC2-47F3-AFD9-80E523FEF3CE}"
EndProject
Project("{9A19103F-16F7-4668-BE54-9A1E7A4F7556}") = "Tyuiu.KolesnikovMN.Sprint3.Task1.V27.Lib", "Tyuiu.KolesnikovMN.Sprint3.Task1.V27.Lib\Tyuiu.KolesnikovMN.Sprint3.Task1.V27.Lib.csproj", "{399549A3-625A-425E-9354-A2AF0802CF66}"
EndProject
Project("{9A19103F-16F7-4668-BE54-9A1E7A4F7556}") = "Tyuiu.KolesnikovMN.Sprint3.Task1.V27.Test", "Tyuiu.KolesnikovMN.Sprint3.Task1.V27.Test\Tyuiu.KolesnikovMN.Sprint3.Task1.V27.Test.csproj", "{013A6D7A-3C09-4AFB-94E5-89C267491674}"
EndProject
Project("{2150E333-8FDC-42A3-9474-1A3956D46DE8}") = "Task2", "Task2", "{8D8CB2B0-5613-4356-8A12-119E91D9C90D}"
EndProject
Project("{9A19103F-16F7-4668-BE54-9A1E7A4F7556}") = "Tyuiu.KolesnikovMN.Sprint3.Task2.V4", "Tyuiu.KolesnikovMN.Sprint3.Task2.V4\Tyuiu.KolesnikovMN.Sprint3.Task2.V4.csproj", "{C021D139-F7FA-4E0C-82FD-636320774B2B}"
EndProject
Project("{9A19103F-16F7-4668-BE54-9A1E7A4F7556}") = "Tyuiu.KolesnikovMN.Sprint3.Task2.V4.Lib", "Tyuiu.KolesnikovMN.Sprint3.Task2.V4.Lib\Tyuiu.KolesnikovMN.Sprint3.Task2.V4.Lib.csproj", "{3D9E0BCB-E024-40C5-9B96-FE9343DAD182}"
EndProject
Project("{9A19103F-16F7-4668-BE54-9A1E7A4F7556}") = "Tyuiu.KolesnikovMN.Sprint3.Task2.V4.Test", "Tyuiu.KolesnikovMN.Sprint3.Task2.V4.Test\Tyuiu.KolesnikovMN.Sprint3.Task2.V4.Test.csproj", "{B160C0DE-E5DC-467B-B2E3-535ABDB99EE4}"
EndProject
Project("{2150E333-8FDC-42A3-9474-1A3956D46DE8}") = "Task3", "Task3", "{99B62FA5-C066-44C0-BB1A-A1638EC1C41C}"
EndProject
Project("{9A19103F-16F7-4668-BE54-9A1E7A4F7556}") = "Tyuiu.KolesnikovMN.Sprint3.Task3.V13", "Tyuiu.KolesnikovMN.Sprint3.Task3.V13\Tyuiu.KolesnikovMN.Sprint3.Task3.V13.csproj", "{20940587-7A15-4C7A-ADAF-2506046DAD0B}"
EndProject
Project("{9A19103F-16F7-4668-BE54-9A1E7A4F7556}") = "Tyuiu.KolesnikovMN.Sprint3.Task3.V13.Lib", "Tyuiu.KolesnikovMN.Sprint3.Task3.V13.Lib\Tyuiu.KolesnikovMN.Sprint3.Task3.V13.Lib.csproj", "{BBE44A8B-407A-4CD0-98D7-6BB97C65435C}"
EndProject
Project("{9A19103F-16F7-4668-BE54-9A1E7A4F7556}") = "Tyuiu.KolesnikovMN.Sprint3.Task3.V13.Test", "Tyuiu.KolesnikovMN.Sprint3.Task3.V13.Test\Tyuiu.KolesnikovMN.Sprint3.Task3.V13.Test.csproj", "{2E35BC18-940D-422A-B932-34B23BCC4567}"
EndProject
Project("{2150E333-8FDC-42A3-9474-1A3956D46DE8}") = "Task4", "Task4", "{AE2EBA1F-96C4-4E44-A1F0-4E41B7FA997A}"
EndProject
Project("{9A19103F-16F7-4668-BE54-9A1E7A4F7556}") = "Tyuiu.KolesnikovMN.Sprint3.Task4.V1", "Tyuiu.KolesnikovMN.Sprint3.Task4.V1\Tyuiu.KolesnikovMN.Sprint3.Task4.V1.csproj", "{22EC7944-66F7-4735-A4C3-540E34968717}"
EndProject
Project("{9A19103F-16F7-4668-BE54-9A1E7A4F7556}") = "Tyuiu.KolesnikovMN.Sprint3.Task4.V1.Lib", "Tyuiu.KolesnikovMN.Sprint3.Task4.V1.Lib\Tyuiu.KolesnikovMN.Sprint3.Task4.V1.Lib.csproj", "{220F131E-340B-454F-89EC-8DBA2C3BB021}"
EndProject
Project("{9A19103F-16F7-4668-BE54-9A1E7A4F7556}") = "Tyuiu.KolesnikovMN.Sprint3.Task4.V1.Test", "Tyuiu.KolesnikovMN.Sprint3.Task4.V1.Test\Tyuiu.KolesnikovMN.Sprint3.Task4.V1.Test.csproj", "{218724E1-BF78-454C-94E6-CD538AE94E41}"
EndProject
Project("{2150E333-8FDC-42A3-9474-1A3956D46DE8}") = "Task5", "Task5", "{1511551A-B2D8-4048-9855-A8C3328B4531}"
EndProject
Project("{9A19103F-16F7-4668-BE54-9A1E7A4F7556}") = "Tyuiu.KolesnikovMN.Sprint3.Task5.V3", "Tyuiu.KolesnikovMN.Sprint3.Task5.V3\Tyuiu.KolesnikovMN.Sprint3.Task5.V3.csproj", "{0BBF56EE-E116-40C8-88DD-8CDDC185AA2B}"
EndProject
Project("{9A19103F-16F7-4668-BE54-9A1E7A4F7556}") = "Tyuiu.KolesnikovMN.Sprint3.Task5.V3.Lib", "Tyuiu.KolesnikovMN.Sprint3.Task5.V3.Lib\Tyuiu.KolesnikovMN.Sprint3.Task5.V3.Lib.csproj", "{7EC31EF9-9A0A-4A43-A0B0-A2DE7DAA915E}"
EndProject
Project("{9A19103F-16F7-4668-BE54-9A1E7A4F7556}") = "Tyuiu.KolesnikovMN.Sprint3.Task5.V3.Test", "Tyuiu.KolesnikovMN.Sprint3.Task5.V3.Test\Tyuiu.KolesnikovMN.Sprint3.Task5.V3.Test.csproj", "{4F59E9F6-55E5-4787-BC4D-B79FAD5758E6}"
EndProject
Project("{2150E333-8FDC-42A3-9474-1A3956D46DE8}") = "Task6", "Task6", "{044B0205-9CBC-4D27-9793-C9D89BD46AC3}"
EndProject
Project("{FAE04EC0-301F-11D3-BF4B-00C04F79EFBC}") = "Tyuiu.KolesnikovMN.Sprint3.Task6.V11", "Tyuiu.KolesnikovMN.Sprint3.Task6.V11\Tyuiu.KolesnikovMN.Sprint3.Task6.V11.csproj", "{4B36C63B-342C-41CB-B9D2-CB4133477FF6}"
EndProject
Project("{FAE04EC0-301F-11D3-BF4B-00C04F79EFBC}") = "Tyuiu.KolesnikovMN.Sprint3.Task6.V11.Lib", "Tyuiu.KolesnikovMN.Sprint3.Task6.V11.Lib\Tyuiu.KolesnikovMN.Sprint3.Task6.V11.Lib.csproj", "{2AAB613F-B216-41A2-B733-5B5E35ED0C89}"
EndProject
Project("{FAE04EC0-301F-11D3-BF4B-00C04F79EFBC}") = "Tyuiu.KolesnikovMN.Sprint3.Task6.V11.Test", "Tyuiu.KolesnikovMN.Sprint3.Task6.V11.Test\Tyuiu.KolesnikovMN.Sprint3.Task6.V11.Test.csproj", "{D0C0556C-633B-483E-8482-4DA4C376CD05}"
EndProject
Global
	GlobalSection(SolutionConfigurationPlatforms) = preSolution
		Debug|Any CPU = Debug|Any CPU
		Release|Any CPU = Release|Any CPU
	EndGlobalSection
	GlobalSection(ProjectConfigurationPlatforms) = postSolution
		{25D596E3-D080-4BE3-9856-553B4AA4278F}.Debug|Any CPU.ActiveCfg = Debug|Any CPU
		{25D596E3-D080-4BE3-9856-553B4AA4278F}.Debug|Any CPU.Build.0 = Debug|Any CPU
		{25D596E3-D080-4BE3-9856-553B4AA4278F}.Release|Any CPU.ActiveCfg = Release|Any CPU
		{25D596E3-D080-4BE3-9856-553B4AA4278F}.Release|Any CPU.Build.0 = Release|Any CPU
		{72D03CE8-887D-47CC-9E3F-5EE9AB5CA2F6}.Debug|Any CPU.ActiveCfg = Debug|Any CPU
		{72D03CE8-887D-47CC-9E3F-5EE9AB5CA2F6}.Debug|Any CPU.Build.0 = Debug|Any CPU
		{72D03CE8-887D-47CC-9E3F-5EE9AB5CA2F6}.Release|Any CPU.ActiveCfg = Release|Any CPU
		{72D03CE8-887D-47CC-9E3F-5EE9AB5CA2F6}.Release|Any CPU.Build.0 = Release|Any CPU
		{83B714FC-5114-402B-A129-703EF88AD361}.Debug|Any CPU.ActiveCfg = Debug|Any CPU
		{83B714FC-5114-402B-A129-703EF88AD361}.Debug|Any CPU.Build.0 = Debug|Any CPU
		{83B714FC-5114-402B-A129-703EF88AD361}.Release|Any CPU.ActiveCfg = Release|Any CPU
		{83B714FC-5114-402B-A129-703EF88AD361}.Release|Any CPU.Build.0 = Release|Any CPU
		{8425B5A6-3FC2-47F3-AFD9-80E523FEF3CE}.Debug|Any CPU.ActiveCfg = Debug|Any CPU
		{8425B5A6-3FC2-47F3-AFD9-80E523FEF3CE}.Debug|Any CPU.Build.0 = Debug|Any CPU
		{8425B5A6-3FC2-47F3-AFD9-80E523FEF3CE}.Release|Any CPU.ActiveCfg = Release|Any CPU
		{8425B5A6-3FC2-47F3-AFD9-80E523FEF3CE}.Release|Any CPU.Build.0 = Release|Any CPU
		{399549A3-625A-425E-9354-A2AF0802CF66}.Debug|Any CPU.ActiveCfg = Debug|Any CPU
		{399549A3-625A-425E-9354-A2AF0802CF66}.Debug|Any CPU.Build.0 = Debug|Any CPU
		{399549A3-625A-425E-9354-A2AF0802CF66}.Release|Any CPU.ActiveCfg = Release|Any CPU
		{399549A3-625A-425E-9354-A2AF0802CF66}.Release|Any CPU.Build.0 = Release|Any CPU
		{013A6D7A-3C09-4AFB-94E5-89C267491674}.Debug|Any CPU.ActiveCfg = Debug|Any CPU
		{013A6D7A-3C09-4AFB-94E5-89C267491674}.Debug|Any CPU.Build.0 = Debug|Any CPU
		{013A6D7A-3C09-4AFB-94E5-89C267491674}.Release|Any CPU.ActiveCfg = Release|Any CPU
		{013A6D7A-3C09-4AFB-94E5-89C267491674}.Release|Any CPU.Build.0 = Release|Any CPU
		{C021D139-F7FA-4E0C-82FD-636320774B2B}.Debug|Any CPU.ActiveCfg = Debug|Any CPU
		{C021D139-F7FA-4E0C-82FD-636320774B2B}.Debug|Any CPU.Build.0 = Debug|Any CPU
		{C021D139-F7FA-4E0C-82FD-636320774B2B}.Release|Any CPU.ActiveCfg = Release|Any CPU
		{C021D139-F7FA-4E0C-82FD-636320774B2B}.Release|Any CPU.Build.0 = Release|Any CPU
		{3D9E0BCB-E024-40C5-9B96-FE9343DAD182}.Debug|Any CPU.ActiveCfg = Debug|Any CPU
		{3D9E0BCB-E024-40C5-9B96-FE9343DAD182}.Debug|Any CPU.Build.0 = Debug|Any CPU
		{3D9E0BCB-E024-40C5-9B96-FE9343DAD182}.Release|Any CPU.ActiveCfg = Release|Any CPU
		{3D9E0BCB-E024-40C5-9B96-FE9343DAD182}.Release|Any CPU.Build.0 = Release|Any CPU
		{B160C0DE-E5DC-467B-B2E3-535ABDB99EE4}.Debug|Any CPU.ActiveCfg = Debug|Any CPU
		{B160C0DE-E5DC-467B-B2E3-535ABDB99EE4}.Debug|Any CPU.Build.0 = Debug|Any CPU
		{B160C0DE-E5DC-467B-B2E3-535ABDB99EE4}.Release|Any CPU.ActiveCfg = Release|Any CPU
		{B160C0DE-E5DC-467B-B2E3-535ABDB99EE4}.Release|Any CPU.Build.0 = Release|Any CPU
		{20940587-7A15-4C7A-ADAF-2506046DAD0B}.Debug|Any CPU.ActiveCfg = Debug|Any CPU
		{20940587-7A15-4C7A-ADAF-2506046DAD0B}.Debug|Any CPU.Build.0 = Debug|Any CPU
		{20940587-7A15-4C7A-ADAF-2506046DAD0B}.Release|Any CPU.ActiveCfg = Release|Any CPU
		{20940587-7A15-4C7A-ADAF-2506046DAD0B}.Release|Any CPU.Build.0 = Release|Any CPU
		{BBE44A8B-407A-4CD0-98D7-6BB97C65435C}.Debug|Any CPU.ActiveCfg = Debug|Any CPU
		{BBE44A8B-407A-4CD0-98D7-6BB97C65435C}.Debug|Any CPU.Build.0 = Debug|Any CPU
		{BBE44A8B-407A-4CD0-98D7-6BB97C65435C}.Release|Any CPU.ActiveCfg = Release|Any CPU
		{BBE44A8B-407A-4CD0-98D7-6BB97C65435C}.Release|Any CPU.Build.0 = Release|Any CPU
		{2E35BC18-940D-422A-B932-34B23BCC4567}.Debug|Any CPU.ActiveCfg = Debug|Any CPU
		{2E35BC18-940D-422A-B932-34B23BCC4567}.Debug|Any CPU.Build.0 = Debug|Any CPU
		{2E35BC18-940D-422A-B932-34B23BCC4567}.Release|Any CPU.ActiveCfg = Release|Any CPU
		{2E35BC18-940D-422A-B932-34B23BCC4567}.Release|Any CPU.Build.0 = Release|Any CPU
		{22EC7944-66F7-4735-A4C3-540E34968717}.Debug|Any CPU.ActiveCfg = Debug|Any CPU
		{22EC7944-66F7-4735-A4C3-540E34968717}.Debug|Any CPU.Build.0 = Debug|Any CPU
		{22EC7944-66F7-4735-A4C3-540E34968717}.Release|Any CPU.ActiveCfg = Release|Any CPU
		{22EC7944-66F7-4735-A4C3-540E34968717}.Release|Any CPU.Build.0 = Release|Any CPU
		{220F131E-340B-454F-89EC-8DBA2C3BB021}.Debug|Any CPU.ActiveCfg = Debug|Any CPU
		{220F131E-340B-454F-89EC-8DBA2C3BB021}.Debug|Any CPU.Build.0 = Debug|Any CPU
		{220F131E-340B-454F-89EC-8DBA2C3BB021}.Release|Any CPU.ActiveCfg = Release|Any CPU
		{220F131E-340B-454F-89EC-8DBA2C3BB021}.Release|Any CPU.Build.0 = Release|Any CPU
		{218724E1-BF78-454C-94E6-CD538AE94E41}.Debug|Any CPU.ActiveCfg = Debug|Any CPU
		{218724E1-BF78-454C-94E6-CD538AE94E41}.Debug|Any CPU.Build.0 = Debug|Any CPU
		{218724E1-BF78-454C-94E6-CD538AE94E41}.Release|Any CPU.ActiveCfg = Release|Any CPU
		{218724E1-BF78-454C-94E6-CD538AE94E41}.Release|Any CPU.Build.0 = Release|Any CPU
		{0BBF56EE-E116-40C8-88DD-8CDDC185AA2B}.Debug|Any CPU.ActiveCfg = Debug|Any CPU
		{0BBF56EE-E116-40C8-88DD-8CDDC185AA2B}.Debug|Any CPU.Build.0 = Debug|Any CPU
		{0BBF56EE-E116-40C8-88DD-8CDDC185AA2B}.Release|Any CPU.ActiveCfg = Release|Any CPU
		{0BBF56EE-E116-40C8-88DD-8CDDC185AA2B}.Release|Any CPU.Build.0 = Release|Any CPU
		{7EC31EF9-9A0A-4A43-A0B0-A2DE7DAA915E}.Debug|Any CPU.ActiveCfg = Debug|Any CPU
		{7EC31EF9-9A0A-4A43-A0B0-A2DE7DAA915E}.Debug|Any CPU.Build.0 = Debug|Any CPU
		{7EC31EF9-9A0A-4A43-A0B0-A2DE7DAA915E}.Release|Any CPU.ActiveCfg = Release|Any CPU
		{7EC31EF9-9A0A-4A43-A0B0-A2DE7DAA915E}.Release|Any CPU.Build.0 = Release|Any CPU
		{4F59E9F6-55E5-4787-BC4D-B79FAD5758E6}.Debug|Any CPU.ActiveCfg = Debug|Any CPU
		{4F59E9F6-55E5-4787-BC4D-B79FAD5758E6}.Debug|Any CPU.Build.0 = Debug|Any CPU
		{4F59E9F6-55E5-4787-BC4D-B79FAD5758E6}.Release|Any CPU.ActiveCfg = Release|Any CPU
		{4F59E9F6-55E5-4787-BC4D-B79FAD5758E6}.Release|Any CPU.Build.0 = Release|Any CPU
		{4B36C63B-342C-41CB-B9D2-CB4133477FF6}.Debug|Any CPU.ActiveCfg = Debug|Any CPU
		{4B36C63B-342C-41CB-B9D2-CB4133477FF6}.Debug|Any CPU.Build.0 = Debug|Any CPU
		{4B36C63B-342C-41CB-B9D2-CB4133477FF6}.Release|Any CPU.ActiveCfg = Release|Any CPU
		{4B36C63B-342C-41CB-B9D2-CB4133477FF6}.Release|Any CPU.Build.0 = Release|Any CPU
		{2AAB613F-B216-41A2-B733-5B5E35ED0C89}.Debug|Any CPU.ActiveCfg = Debug|Any CPU
		{2AAB613F-B216-41A2-B733-5B5E35ED0C89}.Debug|Any CPU.Build.0 = Debug|Any CPU
		{2AAB613F-B216-41A2-B733-5B5E35ED0C89}.Release|Any CPU.ActiveCfg = Release|Any CPU
		{2AAB613F-B216-41A2-B733-5B5E35ED0C89}.Release|Any CPU.Build.0 = Release|Any CPU
		{D0C0556C-633B-483E-8482-4DA4C376CD05}.Debug|Any CPU.ActiveCfg = Debug|Any CPU
		{D0C0556C-633B-483E-8482-4DA4C376CD05}.Debug|Any CPU.Build.0 = Debug|Any CPU
		{D0C0556C-633B-483E-8482-4DA4C376CD05}.Release|Any CPU.ActiveCfg = Release|Any CPU
		{D0C0556C-633B-483E-8482-4DA4C376CD05}.Release|Any CPU.Build.0 = Release|Any CPU
	EndGlobalSection
	GlobalSection(SolutionProperties) = preSolution
		HideSolutionNode = FALSE
	EndGlobalSection
	GlobalSection(NestedProjects) = preSolution
		{25D596E3-D080-4BE3-9856-553B4AA4278F} = {D1D5B7A3-9CF2-4631-A095-791294F1A1EE}
		{72D03CE8-887D-47CC-9E3F-5EE9AB5CA2F6} = {D1D5B7A3-9CF2-4631-A095-791294F1A1EE}
		{83B714FC-5114-402B-A129-703EF88AD361} = {D1D5B7A3-9CF2-4631-A095-791294F1A1EE}
		{8425B5A6-3FC2-47F3-AFD9-80E523FEF3CE} = {69D82B33-36A5-400E-A33A-706BF10D3098}
		{399549A3-625A-425E-9354-A2AF0802CF66} = {69D82B33-36A5-400E-A33A-706BF10D3098}
		{013A6D7A-3C09-4AFB-94E5-89C267491674} = {69D82B33-36A5-400E-A33A-706BF10D3098}
		{C021D139-F7FA-4E0C-82FD-636320774B2B} = {8D8CB2B0-5613-4356-8A12-119E91D9C90D}
		{3D9E0BCB-E024-40C5-9B96-FE9343DAD182} = {8D8CB2B0-5613-4356-8A12-119E91D9C90D}
		{B160C0DE-E5DC-467B-B2E3-535ABDB99EE4} = {8D8CB2B0-5613-4356-8A12-119E91D9C90D}
		{20940587-7A15-4C7A-ADAF-2506046DAD0B} = {99B62FA5-C066-44C0-BB1A-A1638EC1C41C}
		{BBE44A8B-407A-4CD0-98D7-6BB97C65435C} = {99B62FA5-C066-44C0-BB1A-A1638EC1C41C}
		{2E35BC18-940D-422A-B932-34B23BCC4567} = {99B62FA5-C066-44C0-BB1A-A1638EC1C41C}
		{22EC7944-66F7-4735-A4C3-540E34968717} = {AE2EBA1F-96C4-4E44-A1F0-4E41B7FA997A}
		{220F131E-340B-454F-89EC-8DBA2C3BB021} = {AE2EBA1F-96C4-4E44-A1F0-4E41B7FA997A}
		{218724E1-BF78-454C-94E6-CD538AE94E41} = {AE2EBA1F-96C4-4E44-A1F0-4E41B7FA997A}
		{0BBF56EE-E116-40C8-88DD-8CDDC185AA2B} = {1511551A-B2D8-4048-9855-A8C3328B4531}
		{7EC31EF9-9A0A-4A43-A0B0-A2DE7DAA915E} = {1511551A-B2D8-4048-9855-A8C3328B4531}
		{4F59E9F6-55E5-4787-BC4D-B79FAD5758E6} = {1511551A-B2D8-4048-9855-A8C3328B4531}
		{4B36C63B-342C-41CB-B9D2-CB4133477FF6} = {044B0205-9CBC-4D27-9793-C9D89BD46AC3}
		{2AAB613F-B216-41A2-B733-5B5E35ED0C89} = {044B0205-9CBC-4D27-9793-C9D89BD46AC3}
		{D0C0556C-633B-483E-8482-4DA4C376CD05} = {044B0205-9CBC-4D27-9793-C9D89BD46AC3}
	EndGlobalSection
	GlobalSection(ExtensibilityGlobals) = postSolution
		SolutionGuid = {9C88F392-8569-4A2C-B7BF-98AF2B175B14}
	EndGlobalSection
EndGlobal
